
Microsoft Visual Studio Solution File, Format Version 12.00
# Visual Studio Version 17
VisualStudioVersion = 17.0.31912.275
MinimumVisualStudioVersion = 10.0.40219.1
Project("{2150E333-8FDC-42A3-9474-1A3956D46DE8}") = "src", "src", "{DA8E2D31-E21E-489E-B5ED-1EC3D0F0F0C8}"
EndProject
Project("{2150E333-8FDC-42A3-9474-1A3956D46DE8}") = "tests", "tests", "{63B52D54-144A-4BFA-A6FE-6C365CE7A0E2}"
EndProject
Project("{9A19103F-16F7-4668-BE54-9A1E7A4F7556}") = "AOC2021Day01", "AOC2021Day01\AOC2021Day01.csproj", "{3432BE01-DE52-4282-9D34-24006AC75019}"
EndProject
Project("{9A19103F-16F7-4668-BE54-9A1E7A4F7556}") = "AOC2021Day01.Tests", "AOC2021Day01.Tests\AOC2021Day01.Tests.csproj", "{6E8366A9-553E-4DC6-B36A-2E6443CA7CC3}"
EndProject
Project("{9A19103F-16F7-4668-BE54-9A1E7A4F7556}") = "AOC2021Common", "AOC2021Common\AOC2021Common.csproj", "{0BFBCD9E-9636-41D4-A74B-26B1356847C6}"
EndProject
Project("{9A19103F-16F7-4668-BE54-9A1E7A4F7556}") = "AOC2021Day02", "AOC2021Day02\AOC2021Day02.csproj", "{51459AB2-F57D-4016-8EC2-F4F8ACB5A75C}"
EndProject
Project("{9A19103F-16F7-4668-BE54-9A1E7A4F7556}") = "AOC2021Day02.Tests", "AOC2021Day02.Tests\AOC2021Day02.Tests.csproj", "{4C99425B-9C96-47E2-AE89-3CB7BE771B6D}"
EndProject
Project("{9A19103F-16F7-4668-BE54-9A1E7A4F7556}") = "AOC2021Day03", "AOC2021Day03\AOC2021Day03.csproj", "{2CD9EEF9-858C-444C-854F-CE5CFBA16729}"
EndProject
Project("{9A19103F-16F7-4668-BE54-9A1E7A4F7556}") = "AOC2021Day03.Tests", "AOC2021Day03.Tests\AOC2021Day03.Tests.csproj", "{FE018922-90AE-49D0-8946-A8958C700ED3}"
EndProject
Project("{9A19103F-16F7-4668-BE54-9A1E7A4F7556}") = "AOC2021Day04", "AOC2021Day04\AOC2021Day04.csproj", "{5E60FADC-ACC4-4AF6-9222-65D8CF3B35FA}"
EndProject
Project("{9A19103F-16F7-4668-BE54-9A1E7A4F7556}") = "AOC2021Day04.Tests", "AOC2021Day04.Tests\AOC2021Day04.Tests.csproj", "{BE3A4B3A-DD18-4BFD-8BAE-DC730EA8FE61}"
EndProject
Project("{9A19103F-16F7-4668-BE54-9A1E7A4F7556}") = "AOC2021Day05", "AOC2021Day05\AOC2021Day05.csproj", "{9EB19FCC-9A4B-46F1-B845-7BE896E9D300}"
EndProject
Project("{9A19103F-16F7-4668-BE54-9A1E7A4F7556}") = "AOC2021Day05.Tests", "AOC2021Day05.Tests\AOC2021Day05.Tests.csproj", "{8C00C25F-F7C8-4015-BFB1-48D9B2DAE97A}"
EndProject
Project("{9A19103F-16F7-4668-BE54-9A1E7A4F7556}") = "AOC2021Day06", "AOC2021Day06\AOC2021Day06.csproj", "{B4F3DF90-781E-45A7-8FDE-8356ECD70744}"
EndProject
Project("{9A19103F-16F7-4668-BE54-9A1E7A4F7556}") = "AOC2021Day06.Tests", "AOC2021Day06.Tests\AOC2021Day06.Tests.csproj", "{6E9F78C7-5848-429C-BC7A-65D44B71C039}"
EndProject
Project("{9A19103F-16F7-4668-BE54-9A1E7A4F7556}") = "AOC2021Day07", "AOC2021Day07\AOC2021Day07.csproj", "{DA90125F-66EE-44B8-B819-EDB8A0C3FCF2}"
EndProject
Project("{9A19103F-16F7-4668-BE54-9A1E7A4F7556}") = "AOC2021Day07.Tests", "AOC2021Day07.Tests\AOC2021Day07.Tests.csproj", "{D7A1AF85-6847-4F34-AFEC-66F64840C485}"
EndProject
Project("{9A19103F-16F7-4668-BE54-9A1E7A4F7556}") = "AOC2021Day08.Tests", "AOC2021Day08.Tests\AOC2021Day08.Tests.csproj", "{075A072C-061C-4102-B48D-EA9738EBBD93}"
EndProject
Project("{9A19103F-16F7-4668-BE54-9A1E7A4F7556}") = "AOC2021Day09.Tests", "AOC2021Day09.Tests\AOC2021Day09.Tests.csproj", "{52FD79E9-DEEA-4E23-9AC3-C4A031DF3E3D}"
EndProject
Project("{9A19103F-16F7-4668-BE54-9A1E7A4F7556}") = "AOC2021Day10.Tests", "AOC2021Day10.Tests\AOC2021Day10.Tests.csproj", "{7CB82778-B5A9-4961-A97E-4BF2F7434B4C}"
EndProject
Project("{9A19103F-16F7-4668-BE54-9A1E7A4F7556}") = "AOC2021Day11.Tests", "AOC2021Day11.Tests\AOC2021Day11.Tests.csproj", "{3B5CF61A-27DB-4684-BD37-8A3B5705CC16}"
EndProject
Project("{FAE04EC0-301F-11D3-BF4B-00C04F79EFBC}") = "AOC2021Day12.Tests", "AOC2021Day12.Tests\AOC2021Day12.Tests.csproj", "{31766597-B01F-4D95-A786-17625FF5854F}"
EndProject
Global
	GlobalSection(SolutionConfigurationPlatforms) = preSolution
		Debug|Any CPU = Debug|Any CPU
		Release|Any CPU = Release|Any CPU
	EndGlobalSection
	GlobalSection(ProjectConfigurationPlatforms) = postSolution
		{3432BE01-DE52-4282-9D34-24006AC75019}.Debug|Any CPU.ActiveCfg = Debug|Any CPU
		{3432BE01-DE52-4282-9D34-24006AC75019}.Debug|Any CPU.Build.0 = Debug|Any CPU
		{3432BE01-DE52-4282-9D34-24006AC75019}.Release|Any CPU.ActiveCfg = Release|Any CPU
		{3432BE01-DE52-4282-9D34-24006AC75019}.Release|Any CPU.Build.0 = Release|Any CPU
		{6E8366A9-553E-4DC6-B36A-2E6443CA7CC3}.Debug|Any CPU.ActiveCfg = Debug|Any CPU
		{6E8366A9-553E-4DC6-B36A-2E6443CA7CC3}.Debug|Any CPU.Build.0 = Debug|Any CPU
		{6E8366A9-553E-4DC6-B36A-2E6443CA7CC3}.Release|Any CPU.ActiveCfg = Release|Any CPU
		{6E8366A9-553E-4DC6-B36A-2E6443CA7CC3}.Release|Any CPU.Build.0 = Release|Any CPU
		{0BFBCD9E-9636-41D4-A74B-26B1356847C6}.Debug|Any CPU.ActiveCfg = Debug|Any CPU
		{0BFBCD9E-9636-41D4-A74B-26B1356847C6}.Debug|Any CPU.Build.0 = Debug|Any CPU
		{0BFBCD9E-9636-41D4-A74B-26B1356847C6}.Release|Any CPU.ActiveCfg = Release|Any CPU
		{0BFBCD9E-9636-41D4-A74B-26B1356847C6}.Release|Any CPU.Build.0 = Release|Any CPU
		{51459AB2-F57D-4016-8EC2-F4F8ACB5A75C}.Debug|Any CPU.ActiveCfg = Debug|Any CPU
		{51459AB2-F57D-4016-8EC2-F4F8ACB5A75C}.Debug|Any CPU.Build.0 = Debug|Any CPU
		{51459AB2-F57D-4016-8EC2-F4F8ACB5A75C}.Release|Any CPU.ActiveCfg = Release|Any CPU
		{51459AB2-F57D-4016-8EC2-F4F8ACB5A75C}.Release|Any CPU.Build.0 = Release|Any CPU
		{4C99425B-9C96-47E2-AE89-3CB7BE771B6D}.Debug|Any CPU.ActiveCfg = Debug|Any CPU
		{4C99425B-9C96-47E2-AE89-3CB7BE771B6D}.Debug|Any CPU.Build.0 = Debug|Any CPU
		{4C99425B-9C96-47E2-AE89-3CB7BE771B6D}.Release|Any CPU.ActiveCfg = Release|Any CPU
		{4C99425B-9C96-47E2-AE89-3CB7BE771B6D}.Release|Any CPU.Build.0 = Release|Any CPU
		{2CD9EEF9-858C-444C-854F-CE5CFBA16729}.Debug|Any CPU.ActiveCfg = Debug|Any CPU
		{2CD9EEF9-858C-444C-854F-CE5CFBA16729}.Debug|Any CPU.Build.0 = Debug|Any CPU
		{2CD9EEF9-858C-444C-854F-CE5CFBA16729}.Release|Any CPU.ActiveCfg = Release|Any CPU
		{2CD9EEF9-858C-444C-854F-CE5CFBA16729}.Release|Any CPU.Build.0 = Release|Any CPU
		{FE018922-90AE-49D0-8946-A8958C700ED3}.Debug|Any CPU.ActiveCfg = Debug|Any CPU
		{FE018922-90AE-49D0-8946-A8958C700ED3}.Debug|Any CPU.Build.0 = Debug|Any CPU
		{FE018922-90AE-49D0-8946-A8958C700ED3}.Release|Any CPU.ActiveCfg = Release|Any CPU
		{FE018922-90AE-49D0-8946-A8958C700ED3}.Release|Any CPU.Build.0 = Release|Any CPU
		{5E60FADC-ACC4-4AF6-9222-65D8CF3B35FA}.Debug|Any CPU.ActiveCfg = Debug|Any CPU
		{5E60FADC-ACC4-4AF6-9222-65D8CF3B35FA}.Debug|Any CPU.Build.0 = Debug|Any CPU
		{5E60FADC-ACC4-4AF6-9222-65D8CF3B35FA}.Release|Any CPU.ActiveCfg = Release|Any CPU
		{5E60FADC-ACC4-4AF6-9222-65D8CF3B35FA}.Release|Any CPU.Build.0 = Release|Any CPU
		{BE3A4B3A-DD18-4BFD-8BAE-DC730EA8FE61}.Debug|Any CPU.ActiveCfg = Debug|Any CPU
		{BE3A4B3A-DD18-4BFD-8BAE-DC730EA8FE61}.Debug|Any CPU.Build.0 = Debug|Any CPU
		{BE3A4B3A-DD18-4BFD-8BAE-DC730EA8FE61}.Release|Any CPU.ActiveCfg = Release|Any CPU
		{BE3A4B3A-DD18-4BFD-8BAE-DC730EA8FE61}.Release|Any CPU.Build.0 = Release|Any CPU
		{9EB19FCC-9A4B-46F1-B845-7BE896E9D300}.Debug|Any CPU.ActiveCfg = Debug|Any CPU
		{9EB19FCC-9A4B-46F1-B845-7BE896E9D300}.Debug|Any CPU.Build.0 = Debug|Any CPU
		{9EB19FCC-9A4B-46F1-B845-7BE896E9D300}.Release|Any CPU.ActiveCfg = Release|Any CPU
		{9EB19FCC-9A4B-46F1-B845-7BE896E9D300}.Release|Any CPU.Build.0 = Release|Any CPU
		{8C00C25F-F7C8-4015-BFB1-48D9B2DAE97A}.Debug|Any CPU.ActiveCfg = Debug|Any CPU
		{8C00C25F-F7C8-4015-BFB1-48D9B2DAE97A}.Debug|Any CPU.Build.0 = Debug|Any CPU
		{8C00C25F-F7C8-4015-BFB1-48D9B2DAE97A}.Release|Any CPU.ActiveCfg = Release|Any CPU
		{8C00C25F-F7C8-4015-BFB1-48D9B2DAE97A}.Release|Any CPU.Build.0 = Release|Any CPU
		{B4F3DF90-781E-45A7-8FDE-8356ECD70744}.Debug|Any CPU.ActiveCfg = Debug|Any CPU
		{B4F3DF90-781E-45A7-8FDE-8356ECD70744}.Debug|Any CPU.Build.0 = Debug|Any CPU
		{B4F3DF90-781E-45A7-8FDE-8356ECD70744}.Release|Any CPU.ActiveCfg = Release|Any CPU
		{B4F3DF90-781E-45A7-8FDE-8356ECD70744}.Release|Any CPU.Build.0 = Release|Any CPU
		{6E9F78C7-5848-429C-BC7A-65D44B71C039}.Debug|Any CPU.ActiveCfg = Debug|Any CPU
		{6E9F78C7-5848-429C-BC7A-65D44B71C039}.Debug|Any CPU.Build.0 = Debug|Any CPU
		{6E9F78C7-5848-429C-BC7A-65D44B71C039}.Release|Any CPU.ActiveCfg = Release|Any CPU
		{6E9F78C7-5848-429C-BC7A-65D44B71C039}.Release|Any CPU.Build.0 = Release|Any CPU
		{DA90125F-66EE-44B8-B819-EDB8A0C3FCF2}.Debug|Any CPU.ActiveCfg = Debug|Any CPU
		{DA90125F-66EE-44B8-B819-EDB8A0C3FCF2}.Debug|Any CPU.Build.0 = Debug|Any CPU
		{DA90125F-66EE-44B8-B819-EDB8A0C3FCF2}.Release|Any CPU.ActiveCfg = Release|Any CPU
		{DA90125F-66EE-44B8-B819-EDB8A0C3FCF2}.Release|Any CPU.Build.0 = Release|Any CPU
		{D7A1AF85-6847-4F34-AFEC-66F64840C485}.Debug|Any CPU.ActiveCfg = Debug|Any CPU
		{D7A1AF85-6847-4F34-AFEC-66F64840C485}.Debug|Any CPU.Build.0 = Debug|Any CPU
		{D7A1AF85-6847-4F34-AFEC-66F64840C485}.Release|Any CPU.ActiveCfg = Release|Any CPU
		{D7A1AF85-6847-4F34-AFEC-66F64840C485}.Release|Any CPU.Build.0 = Release|Any CPU
		{075A072C-061C-4102-B48D-EA9738EBBD93}.Debug|Any CPU.ActiveCfg = Debug|Any CPU
		{075A072C-061C-4102-B48D-EA9738EBBD93}.Debug|Any CPU.Build.0 = Debug|Any CPU
		{075A072C-061C-4102-B48D-EA9738EBBD93}.Release|Any CPU.ActiveCfg = Release|Any CPU
		{075A072C-061C-4102-B48D-EA9738EBBD93}.Release|Any CPU.Build.0 = Release|Any CPU
		{52FD79E9-DEEA-4E23-9AC3-C4A031DF3E3D}.Debug|Any CPU.ActiveCfg = Debug|Any CPU
		{52FD79E9-DEEA-4E23-9AC3-C4A031DF3E3D}.Debug|Any CPU.Build.0 = Debug|Any CPU
		{52FD79E9-DEEA-4E23-9AC3-C4A031DF3E3D}.Release|Any CPU.ActiveCfg = Release|Any CPU
		{52FD79E9-DEEA-4E23-9AC3-C4A031DF3E3D}.Release|Any CPU.Build.0 = Release|Any CPU
		{7CB82778-B5A9-4961-A97E-4BF2F7434B4C}.Debug|Any CPU.ActiveCfg = Debug|Any CPU
		{7CB82778-B5A9-4961-A97E-4BF2F7434B4C}.Debug|Any CPU.Build.0 = Debug|Any CPU
		{7CB82778-B5A9-4961-A97E-4BF2F7434B4C}.Release|Any CPU.ActiveCfg = Release|Any CPU
		{7CB82778-B5A9-4961-A97E-4BF2F7434B4C}.Release|Any CPU.Build.0 = Release|Any CPU
		{3B5CF61A-27DB-4684-BD37-8A3B5705CC16}.Debug|Any CPU.ActiveCfg = Debug|Any CPU
		{3B5CF61A-27DB-4684-BD37-8A3B5705CC16}.Debug|Any CPU.Build.0 = Debug|Any CPU
		{3B5CF61A-27DB-4684-BD37-8A3B5705CC16}.Release|Any CPU.ActiveCfg = Release|Any CPU
		{3B5CF61A-27DB-4684-BD37-8A3B5705CC16}.Release|Any CPU.Build.0 = Release|Any CPU
		{31766597-B01F-4D95-A786-17625FF5854F}.Debug|Any CPU.ActiveCfg = Debug|Any CPU
		{31766597-B01F-4D95-A786-17625FF5854F}.Debug|Any CPU.Build.0 = Debug|Any CPU
		{31766597-B01F-4D95-A786-17625FF5854F}.Release|Any CPU.ActiveCfg = Release|Any CPU
		{31766597-B01F-4D95-A786-17625FF5854F}.Release|Any CPU.Build.0 = Release|Any CPU
	EndGlobalSection
	GlobalSection(SolutionProperties) = preSolution
		HideSolutionNode = FALSE
	EndGlobalSection
	GlobalSection(NestedProjects) = preSolution
		{3432BE01-DE52-4282-9D34-24006AC75019} = {DA8E2D31-E21E-489E-B5ED-1EC3D0F0F0C8}
		{6E8366A9-553E-4DC6-B36A-2E6443CA7CC3} = {63B52D54-144A-4BFA-A6FE-6C365CE7A0E2}
		{0BFBCD9E-9636-41D4-A74B-26B1356847C6} = {DA8E2D31-E21E-489E-B5ED-1EC3D0F0F0C8}
		{51459AB2-F57D-4016-8EC2-F4F8ACB5A75C} = {DA8E2D31-E21E-489E-B5ED-1EC3D0F0F0C8}
		{4C99425B-9C96-47E2-AE89-3CB7BE771B6D} = {63B52D54-144A-4BFA-A6FE-6C365CE7A0E2}
		{2CD9EEF9-858C-444C-854F-CE5CFBA16729} = {DA8E2D31-E21E-489E-B5ED-1EC3D0F0F0C8}
		{FE018922-90AE-49D0-8946-A8958C700ED3} = {63B52D54-144A-4BFA-A6FE-6C365CE7A0E2}
		{5E60FADC-ACC4-4AF6-9222-65D8CF3B35FA} = {DA8E2D31-E21E-489E-B5ED-1EC3D0F0F0C8}
		{BE3A4B3A-DD18-4BFD-8BAE-DC730EA8FE61} = {63B52D54-144A-4BFA-A6FE-6C365CE7A0E2}
		{9EB19FCC-9A4B-46F1-B845-7BE896E9D300} = {DA8E2D31-E21E-489E-B5ED-1EC3D0F0F0C8}
		{8C00C25F-F7C8-4015-BFB1-48D9B2DAE97A} = {63B52D54-144A-4BFA-A6FE-6C365CE7A0E2}
		{B4F3DF90-781E-45A7-8FDE-8356ECD70744} = {DA8E2D31-E21E-489E-B5ED-1EC3D0F0F0C8}
		{6E9F78C7-5848-429C-BC7A-65D44B71C039} = {63B52D54-144A-4BFA-A6FE-6C365CE7A0E2}
		{DA90125F-66EE-44B8-B819-EDB8A0C3FCF2} = {DA8E2D31-E21E-489E-B5ED-1EC3D0F0F0C8}
		{D7A1AF85-6847-4F34-AFEC-66F64840C485} = {63B52D54-144A-4BFA-A6FE-6C365CE7A0E2}
		{075A072C-061C-4102-B48D-EA9738EBBD93} = {63B52D54-144A-4BFA-A6FE-6C365CE7A0E2}
		{52FD79E9-DEEA-4E23-9AC3-C4A031DF3E3D} = {63B52D54-144A-4BFA-A6FE-6C365CE7A0E2}
		{7CB82778-B5A9-4961-A97E-4BF2F7434B4C} = {63B52D54-144A-4BFA-A6FE-6C365CE7A0E2}
		{3B5CF61A-27DB-4684-BD37-8A3B5705CC16} = {63B52D54-144A-4BFA-A6FE-6C365CE7A0E2}
		{31766597-B01F-4D95-A786-17625FF5854F} = {63B52D54-144A-4BFA-A6FE-6C365CE7A0E2}
	EndGlobalSection
	GlobalSection(ExtensibilityGlobals) = postSolution
		SolutionGuid = {58858BDE-DA79-492C-B79E-FD14218D60DC}
	EndGlobalSection
EndGlobal
